{
  "originHash" : "d91473004bdb3db1519a0e26bf7b232293e78026795747c6ee07552cf2e636f5",
  "pins" : [
    {
      "identity" : "lottie-ios",
      "kind" : "remoteSourceControl",
      "location" : "https://github.com/airbnb/lottie-ios",
      "state" : {
        "revision" : "2d626215ac8fd2f5893290e1a2c1c31b1d82b1c7",
        "version" : "4.3.0"
      }
    },
    {
      "identity" : "nuke",
      "kind" : "remoteSourceControl",
      "location" : "https://github.com/kean/Nuke.git",
      "state" : {
        "revision" : "0ead44350d2737db384908569c012fe67c421e4d",
        "version" : "12.8.0"
      }
    }
  ],
  "version" : 3
}
